
Microsoft Visual Studio Solution File, Format Version 12.00
# Visual Studio Version 17
VisualStudioVersion = 17.9.34607.119
MinimumVisualStudioVersion = 10.0.40219.1
Project("{FAE04EC0-301F-11D3-BF4B-00C04F79EFBC}") = "MinimalPokemonAPI", "MinimalPokemonAPI.csproj", "{EC35495D-AF25-40BC-98B1-0702F608AB28}"
EndProject
Global
	GlobalSection(SolutionConfigurationPlatforms) = preSolution
		Debug|Any CPU = Debug|Any CPU
		Release|Any CPU = Release|Any CPU
	EndGlobalSection
	GlobalSection(ProjectConfigurationPlatforms) = postSolution
		{EC35495D-AF25-40BC-98B1-0702F608AB28}.Debug|Any CPU.ActiveCfg = Debug|Any CPU
		{EC35495D-AF25-40BC-98B1-0702F608AB28}.Debug|Any CPU.Build.0 = Debug|Any CPU
		{EC35495D-AF25-40BC-98B1-0702F608AB28}.Release|Any CPU.ActiveCfg = Release|Any CPU
		{EC35495D-AF25-40BC-98B1-0702F608AB28}.Release|Any CPU.Build.0 = Release|Any CPU
	EndGlobalSection
	GlobalSection(SolutionProperties) = preSolution
		HideSolutionNode = FALSE
	EndGlobalSection
	GlobalSection(ExtensibilityGlobals) = postSolution
		SolutionGuid = {B0CA5F96-E491-4ECD-9293-F1B35FB47BC9}
	EndGlobalSection
EndGlobal
