
Microsoft Visual Studio Solution File, Format Version 12.00
# Visual Studio Version 17
VisualStudioVersion = 17.7.34202.233
MinimumVisualStudioVersion = 10.0.40219.1
Project("{8BC9CEB8-8B4A-11D0-8D11-00A0C91BC942}") = "GameOfLife", "GameOfLife.vcxproj", "{7ED62DE0-91A6-4E61-9206-E4DC44365DC6}"
EndProject
Global
	GlobalSection(SolutionConfigurationPlatforms) = preSolution
		Debug|x64 = Debug|x64
		Debug|x86 = Debug|x86
		Release|x64 = Release|x64
		Release|x86 = Release|x86
	EndGlobalSection
	GlobalSection(ProjectConfigurationPlatforms) = postSolution
		{7ED62DE0-91A6-4E61-9206-E4DC44365DC6}.Debug|x64.ActiveCfg = Debug|x64
		{7ED62DE0-91A6-4E61-9206-E4DC44365DC6}.Debug|x64.Build.0 = Debug|x64
		{7ED62DE0-91A6-4E61-9206-E4DC44365DC6}.Debug|x86.ActiveCfg = Debug|Win32
		{7ED62DE0-91A6-4E61-9206-E4DC44365DC6}.Debug|x86.Build.0 = Debug|Win32
		{7ED62DE0-91A6-4E61-9206-E4DC44365DC6}.Release|x64.ActiveCfg = Release|x64
		{7ED62DE0-91A6-4E61-9206-E4DC44365DC6}.Release|x64.Build.0 = Release|x64
		{7ED62DE0-91A6-4E61-9206-E4DC44365DC6}.Release|x86.ActiveCfg = Release|Win32
		{7ED62DE0-91A6-4E61-9206-E4DC44365DC6}.Release|x86.Build.0 = Release|Win32
	EndGlobalSection
	GlobalSection(SolutionProperties) = preSolution
		HideSolutionNode = FALSE
	EndGlobalSection
	GlobalSection(ExtensibilityGlobals) = postSolution
		SolutionGuid = {3E475034-36A5-4064-83C1-64035C2CEFBF}
	EndGlobalSection
EndGlobal
